
Microsoft Visual Studio Solution File, Format Version 12.00
# Visual Studio Version 16
VisualStudioVersion = 16.0.30717.126
MinimumVisualStudioVersion = 10.0.40219.1
Project("{FAE04EC0-301F-11D3-BF4B-00C04F79EFBC}") = "WebApplication1", "WebApplication1\WebApplication1.csproj", "{D16247A8-6CE1-4C31-AA12-918CD2006752}"
EndProject
Global
	GlobalSection(SolutionConfigurationPlatforms) = preSolution
		Debug|Any CPU = Debug|Any CPU
		Release|Any CPU = Release|Any CPU
	EndGlobalSection
	GlobalSection(ProjectConfigurationPlatforms) = postSolution
		{D16247A8-6CE1-4C31-AA12-918CD2006752}.Debug|Any CPU.ActiveCfg = Debug|Any CPU
		{D16247A8-6CE1-4C31-AA12-918CD2006752}.Debug|Any CPU.Build.0 = Debug|Any CPU
		{D16247A8-6CE1-4C31-AA12-918CD2006752}.Release|Any CPU.ActiveCfg = Release|Any CPU
		{D16247A8-6CE1-4C31-AA12-918CD2006752}.Release|Any CPU.Build.0 = Release|Any CPU
	EndGlobalSection
	GlobalSection(SolutionProperties) = preSolution
		HideSolutionNode = FALSE
	EndGlobalSection
	GlobalSection(ExtensibilityGlobals) = postSolution
		SolutionGuid = {00CE84CE-7193-462F-8F17-EC8342930930}
	EndGlobalSection
EndGlobal
